
Microsoft Visual Studio Solution File, Format Version 12.00
# Visual Studio 15
VisualStudioVersion = 15.0.28010.2046
MinimumVisualStudioVersion = 10.0.40219.1
Project("{FAE04EC0-301F-11D3-BF4B-00C04F79EFBC}") = "P6Xf.Android", "P6Xf\P6Xf.Android\P6Xf.Android.csproj", "{73D50556-2E9B-4BC5-9B6D-3A9FF52D70EA}"
EndProject
Project("{FAE04EC0-301F-11D3-BF4B-00C04F79EFBC}") = "P6Xf.iOS", "P6Xf\P6Xf.iOS\P6Xf.iOS.csproj", "{796BB4E0-F4B9-4686-9914-CF65AC8285AF}"
EndProject
Project("{FAE04EC0-301F-11D3-BF4B-00C04F79EFBC}") = "P6Xf.UWP", "P6Xf\P6Xf.UWP\P6Xf.UWP.csproj", "{E2D371A2-343B-4632-BAB0-1E57DA38698E}"
EndProject
Project("{FAE04EC0-301F-11D3-BF4B-00C04F79EFBC}") = "P6Xf", "P6Xf\P6Xf\P6Xf.csproj", "{DCCC757A-FF1B-4EF4-9EE1-FD42FA92914E}"
EndProject
Global
	GlobalSection(SolutionConfigurationPlatforms) = preSolution
		Ad-Hoc|Any CPU = Ad-Hoc|Any CPU
		Ad-Hoc|ARM = Ad-Hoc|ARM
		Ad-Hoc|iPhone = Ad-Hoc|iPhone
		Ad-Hoc|iPhoneSimulator = Ad-Hoc|iPhoneSimulator
		Ad-Hoc|x64 = Ad-Hoc|x64
		Ad-Hoc|x86 = Ad-Hoc|x86
		AppStore|Any CPU = AppStore|Any CPU
		AppStore|ARM = AppStore|ARM
		AppStore|iPhone = AppStore|iPhone
		AppStore|iPhoneSimulator = AppStore|iPhoneSimulator
		AppStore|x64 = AppStore|x64
		AppStore|x86 = AppStore|x86
		Debug|Any CPU = Debug|Any CPU
		Debug|ARM = Debug|ARM
		Debug|iPhone = Debug|iPhone
		Debug|iPhoneSimulator = Debug|iPhoneSimulator
		Debug|x64 = Debug|x64
		Debug|x86 = Debug|x86
		Release|Any CPU = Release|Any CPU
		Release|ARM = Release|ARM
		Release|iPhone = Release|iPhone
		Release|iPhoneSimulator = Release|iPhoneSimulator
		Release|x64 = Release|x64
		Release|x86 = Release|x86
	EndGlobalSection
	GlobalSection(ProjectConfigurationPlatforms) = postSolution
		{73D50556-2E9B-4BC5-9B6D-3A9FF52D70EA}.Ad-Hoc|Any CPU.ActiveCfg = Release|Any CPU
		{73D50556-2E9B-4BC5-9B6D-3A9FF52D70EA}.Ad-Hoc|Any CPU.Build.0 = Release|Any CPU
		{73D50556-2E9B-4BC5-9B6D-3A9FF52D70EA}.Ad-Hoc|Any CPU.Deploy.0 = Release|Any CPU
		{73D50556-2E9B-4BC5-9B6D-3A9FF52D70EA}.Ad-Hoc|ARM.ActiveCfg = Release|Any CPU
		{73D50556-2E9B-4BC5-9B6D-3A9FF52D70EA}.Ad-Hoc|ARM.Build.0 = Release|Any CPU
		{73D50556-2E9B-4BC5-9B6D-3A9FF52D70EA}.Ad-Hoc|ARM.Deploy.0 = Release|Any CPU
		{73D50556-2E9B-4BC5-9B6D-3A9FF52D70EA}.Ad-Hoc|iPhone.ActiveCfg = Release|Any CPU
		{73D50556-2E9B-4BC5-9B6D-3A9FF52D70EA}.Ad-Hoc|iPhone.Build.0 = Release|Any CPU
		{73D50556-2E9B-4BC5-9B6D-3A9FF52D70EA}.Ad-Hoc|iPhone.Deploy.0 = Release|Any CPU
		{73D50556-2E9B-4BC5-9B6D-3A9FF52D70EA}.Ad-Hoc|iPhoneSimulator.ActiveCfg = Release|Any CPU
		{73D50556-2E9B-4BC5-9B6D-3A9FF52D70EA}.Ad-Hoc|iPhoneSimulator.Build.0 = Release|Any CPU
		{73D50556-2E9B-4BC5-9B6D-3A9FF52D70EA}.Ad-Hoc|iPhoneSimulator.Deploy.0 = Release|Any CPU
		{73D50556-2E9B-4BC5-9B6D-3A9FF52D70EA}.Ad-Hoc|x64.ActiveCfg = Release|Any CPU
		{73D50556-2E9B-4BC5-9B6D-3A9FF52D70EA}.Ad-Hoc|x64.Build.0 = Release|Any CPU
		{73D50556-2E9B-4BC5-9B6D-3A9FF52D70EA}.Ad-Hoc|x64.Deploy.0 = Release|Any CPU
		{73D50556-2E9B-4BC5-9B6D-3A9FF52D70EA}.Ad-Hoc|x86.ActiveCfg = Release|Any CPU
		{73D50556-2E9B-4BC5-9B6D-3A9FF52D70EA}.Ad-Hoc|x86.Build.0 = Release|Any CPU
		{73D50556-2E9B-4BC5-9B6D-3A9FF52D70EA}.Ad-Hoc|x86.Deploy.0 = Release|Any CPU
		{73D50556-2E9B-4BC5-9B6D-3A9FF52D70EA}.AppStore|Any CPU.ActiveCfg = Release|Any CPU
		{73D50556-2E9B-4BC5-9B6D-3A9FF52D70EA}.AppStore|Any CPU.Build.0 = Release|Any CPU
		{73D50556-2E9B-4BC5-9B6D-3A9FF52D70EA}.AppStore|Any CPU.Deploy.0 = Release|Any CPU
		{73D50556-2E9B-4BC5-9B6D-3A9FF52D70EA}.AppStore|ARM.ActiveCfg = Release|Any CPU
		{73D50556-2E9B-4BC5-9B6D-3A9FF52D70EA}.AppStore|ARM.Build.0 = Release|Any CPU
		{73D50556-2E9B-4BC5-9B6D-3A9FF52D70EA}.AppStore|ARM.Deploy.0 = Release|Any CPU
		{73D50556-2E9B-4BC5-9B6D-3A9FF52D70EA}.AppStore|iPhone.ActiveCfg = Release|Any CPU
		{73D50556-2E9B-4BC5-9B6D-3A9FF52D70EA}.AppStore|iPhone.Build.0 = Release|Any CPU
		{73D50556-2E9B-4BC5-9B6D-3A9FF52D70EA}.AppStore|iPhone.Deploy.0 = Release|Any CPU
		{73D50556-2E9B-4BC5-9B6D-3A9FF52D70EA}.AppStore|iPhoneSimulator.ActiveCfg = Release|Any CPU
		{73D50556-2E9B-4BC5-9B6D-3A9FF52D70EA}.AppStore|iPhoneSimulator.Build.0 = Release|Any CPU
		{73D50556-2E9B-4BC5-9B6D-3A9FF52D70EA}.AppStore|iPhoneSimulator.Deploy.0 = Release|Any CPU
		{73D50556-2E9B-4BC5-9B6D-3A9FF52D70EA}.AppStore|x64.ActiveCfg = Release|Any CPU
		{73D50556-2E9B-4BC5-9B6D-3A9FF52D70EA}.AppStore|x64.Build.0 = Release|Any CPU
		{73D50556-2E9B-4BC5-9B6D-3A9FF52D70EA}.AppStore|x64.Deploy.0 = Release|Any CPU
		{73D50556-2E9B-4BC5-9B6D-3A9FF52D70EA}.AppStore|x86.ActiveCfg = Release|Any CPU
		{73D50556-2E9B-4BC5-9B6D-3A9FF52D70EA}.AppStore|x86.Build.0 = Release|Any CPU
		{73D50556-2E9B-4BC5-9B6D-3A9FF52D70EA}.AppStore|x86.Deploy.0 = Release|Any CPU
		{73D50556-2E9B-4BC5-9B6D-3A9FF52D70EA}.Debug|Any CPU.ActiveCfg = Debug|Any CPU
		{73D50556-2E9B-4BC5-9B6D-3A9FF52D70EA}.Debug|Any CPU.Build.0 = Debug|Any CPU
		{73D50556-2E9B-4BC5-9B6D-3A9FF52D70EA}.Debug|Any CPU.Deploy.0 = Debug|Any CPU
		{73D50556-2E9B-4BC5-9B6D-3A9FF52D70EA}.Debug|ARM.ActiveCfg = Debug|Any CPU
		{73D50556-2E9B-4BC5-9B6D-3A9FF52D70EA}.Debug|ARM.Build.0 = Debug|Any CPU
		{73D50556-2E9B-4BC5-9B6D-3A9FF52D70EA}.Debug|ARM.Deploy.0 = Debug|Any CPU
		{73D50556-2E9B-4BC5-9B6D-3A9FF52D70EA}.Debug|iPhone.ActiveCfg = Debug|Any CPU
		{73D50556-2E9B-4BC5-9B6D-3A9FF52D70EA}.Debug|iPhone.Build.0 = Debug|Any CPU
		{73D50556-2E9B-4BC5-9B6D-3A9FF52D70EA}.Debug|iPhone.Deploy.0 = Debug|Any CPU
		{73D50556-2E9B-4BC5-9B6D-3A9FF52D70EA}.Debug|iPhoneSimulator.ActiveCfg = Debug|Any CPU
		{73D50556-2E9B-4BC5-9B6D-3A9FF52D70EA}.Debug|iPhoneSimulator.Build.0 = Debug|Any CPU
		{73D50556-2E9B-4BC5-9B6D-3A9FF52D70EA}.Debug|iPhoneSimulator.Deploy.0 = Debug|Any CPU
		{73D50556-2E9B-4BC5-9B6D-3A9FF52D70EA}.Debug|x64.ActiveCfg = Debug|Any CPU
		{73D50556-2E9B-4BC5-9B6D-3A9FF52D70EA}.Debug|x64.Build.0 = Debug|Any CPU
		{73D50556-2E9B-4BC5-9B6D-3A9FF52D70EA}.Debug|x64.Deploy.0 = Debug|Any CPU
		{73D50556-2E9B-4BC5-9B6D-3A9FF52D70EA}.Debug|x86.ActiveCfg = Debug|Any CPU
		{73D50556-2E9B-4BC5-9B6D-3A9FF52D70EA}.Debug|x86.Build.0 = Debug|Any CPU
		{73D50556-2E9B-4BC5-9B6D-3A9FF52D70EA}.Debug|x86.Deploy.0 = Debug|Any CPU
		{73D50556-2E9B-4BC5-9B6D-3A9FF52D70EA}.Release|Any CPU.ActiveCfg = Release|Any CPU
		{73D50556-2E9B-4BC5-9B6D-3A9FF52D70EA}.Release|Any CPU.Build.0 = Release|Any CPU
		{73D50556-2E9B-4BC5-9B6D-3A9FF52D70EA}.Release|Any CPU.Deploy.0 = Release|Any CPU
		{73D50556-2E9B-4BC5-9B6D-3A9FF52D70EA}.Release|ARM.ActiveCfg = Release|Any CPU
		{73D50556-2E9B-4BC5-9B6D-3A9FF52D70EA}.Release|ARM.Build.0 = Release|Any CPU
		{73D50556-2E9B-4BC5-9B6D-3A9FF52D70EA}.Release|ARM.Deploy.0 = Release|Any CPU
		{73D50556-2E9B-4BC5-9B6D-3A9FF52D70EA}.Release|iPhone.ActiveCfg = Release|Any CPU
		{73D50556-2E9B-4BC5-9B6D-3A9FF52D70EA}.Release|iPhone.Build.0 = Release|Any CPU
		{73D50556-2E9B-4BC5-9B6D-3A9FF52D70EA}.Release|iPhone.Deploy.0 = Release|Any CPU
		{73D50556-2E9B-4BC5-9B6D-3A9FF52D70EA}.Release|iPhoneSimulator.ActiveCfg = Release|Any CPU
		{73D50556-2E9B-4BC5-9B6D-3A9FF52D70EA}.Release|iPhoneSimulator.Build.0 = Release|Any CPU
		{73D50556-2E9B-4BC5-9B6D-3A9FF52D70EA}.Release|iPhoneSimulator.Deploy.0 = Release|Any CPU
		{73D50556-2E9B-4BC5-9B6D-3A9FF52D70EA}.Release|x64.ActiveCfg = Release|Any CPU
		{73D50556-2E9B-4BC5-9B6D-3A9FF52D70EA}.Release|x64.Build.0 = Release|Any CPU
		{73D50556-2E9B-4BC5-9B6D-3A9FF52D70EA}.Release|x64.Deploy.0 = Release|Any CPU
		{73D50556-2E9B-4BC5-9B6D-3A9FF52D70EA}.Release|x86.ActiveCfg = Release|Any CPU
		{73D50556-2E9B-4BC5-9B6D-3A9FF52D70EA}.Release|x86.Build.0 = Release|Any CPU
		{73D50556-2E9B-4BC5-9B6D-3A9FF52D70EA}.Release|x86.Deploy.0 = Release|Any CPU
		{796BB4E0-F4B9-4686-9914-CF65AC8285AF}.Ad-Hoc|Any CPU.ActiveCfg = Ad-Hoc|iPhone
		{796BB4E0-F4B9-4686-9914-CF65AC8285AF}.Ad-Hoc|Any CPU.Build.0 = Ad-Hoc|iPhone
		{796BB4E0-F4B9-4686-9914-CF65AC8285AF}.Ad-Hoc|Any CPU.Deploy.0 = Ad-Hoc|iPhone
		{796BB4E0-F4B9-4686-9914-CF65AC8285AF}.Ad-Hoc|ARM.ActiveCfg = Ad-Hoc|iPhone
		{796BB4E0-F4B9-4686-9914-CF65AC8285AF}.Ad-Hoc|ARM.Build.0 = Ad-Hoc|iPhone
		{796BB4E0-F4B9-4686-9914-CF65AC8285AF}.Ad-Hoc|ARM.Deploy.0 = Ad-Hoc|iPhone
		{796BB4E0-F4B9-4686-9914-CF65AC8285AF}.Ad-Hoc|iPhone.ActiveCfg = Ad-Hoc|iPhone
		{796BB4E0-F4B9-4686-9914-CF65AC8285AF}.Ad-Hoc|iPhone.Build.0 = Ad-Hoc|iPhone
		{796BB4E0-F4B9-4686-9914-CF65AC8285AF}.Ad-Hoc|iPhone.Deploy.0 = Ad-Hoc|iPhone
		{796BB4E0-F4B9-4686-9914-CF65AC8285AF}.Ad-Hoc|iPhoneSimulator.ActiveCfg = Ad-Hoc|iPhoneSimulator
		{796BB4E0-F4B9-4686-9914-CF65AC8285AF}.Ad-Hoc|iPhoneSimulator.Build.0 = Ad-Hoc|iPhoneSimulator
		{796BB4E0-F4B9-4686-9914-CF65AC8285AF}.Ad-Hoc|iPhoneSimulator.Deploy.0 = Ad-Hoc|iPhoneSimulator
		{796BB4E0-F4B9-4686-9914-CF65AC8285AF}.Ad-Hoc|x64.ActiveCfg = Ad-Hoc|iPhone
		{796BB4E0-F4B9-4686-9914-CF65AC8285AF}.Ad-Hoc|x64.Build.0 = Ad-Hoc|iPhone
		{796BB4E0-F4B9-4686-9914-CF65AC8285AF}.Ad-Hoc|x64.Deploy.0 = Ad-Hoc|iPhone
		{796BB4E0-F4B9-4686-9914-CF65AC8285AF}.Ad-Hoc|x86.ActiveCfg = Ad-Hoc|iPhone
		{796BB4E0-F4B9-4686-9914-CF65AC8285AF}.Ad-Hoc|x86.Build.0 = Ad-Hoc|iPhone
		{796BB4E0-F4B9-4686-9914-CF65AC8285AF}.Ad-Hoc|x86.Deploy.0 = Ad-Hoc|iPhone
		{796BB4E0-F4B9-4686-9914-CF65AC8285AF}.AppStore|Any CPU.ActiveCfg = AppStore|iPhone
		{796BB4E0-F4B9-4686-9914-CF65AC8285AF}.AppStore|Any CPU.Build.0 = AppStore|iPhone
		{796BB4E0-F4B9-4686-9914-CF65AC8285AF}.AppStore|Any CPU.Deploy.0 = AppStore|iPhone
		{796BB4E0-F4B9-4686-9914-CF65AC8285AF}.AppStore|ARM.ActiveCfg = AppStore|iPhone
		{796BB4E0-F4B9-4686-9914-CF65AC8285AF}.AppStore|ARM.Build.0 = AppStore|iPhone
		{796BB4E0-F4B9-4686-9914-CF65AC8285AF}.AppStore|ARM.Deploy.0 = AppStore|iPhone
		{796BB4E0-F4B9-4686-9914-CF65AC8285AF}.AppStore|iPhone.ActiveCfg = AppStore|iPhone
		{796BB4E0-F4B9-4686-9914-CF65AC8285AF}.AppStore|iPhone.Build.0 = AppStore|iPhone
		{796BB4E0-F4B9-4686-9914-CF65AC8285AF}.AppStore|iPhone.Deploy.0 = AppStore|iPhone
		{796BB4E0-F4B9-4686-9914-CF65AC8285AF}.AppStore|iPhoneSimulator.ActiveCfg = AppStore|iPhoneSimulator
		{796BB4E0-F4B9-4686-9914-CF65AC8285AF}.AppStore|iPhoneSimulator.Build.0 = AppStore|iPhoneSimulator
		{796BB4E0-F4B9-4686-9914-CF65AC8285AF}.AppStore|iPhoneSimulator.Deploy.0 = AppStore|iPhoneSimulator
		{796BB4E0-F4B9-4686-9914-CF65AC8285AF}.AppStore|x64.ActiveCfg = AppStore|iPhone
		{796BB4E0-F4B9-4686-9914-CF65AC8285AF}.AppStore|x64.Build.0 = AppStore|iPhone
		{796BB4E0-F4B9-4686-9914-CF65AC8285AF}.AppStore|x64.Deploy.0 = AppStore|iPhone
		{796BB4E0-F4B9-4686-9914-CF65AC8285AF}.AppStore|x86.ActiveCfg = AppStore|iPhone
		{796BB4E0-F4B9-4686-9914-CF65AC8285AF}.AppStore|x86.Build.0 = AppStore|iPhone
		{796BB4E0-F4B9-4686-9914-CF65AC8285AF}.AppStore|x86.Deploy.0 = AppStore|iPhone
		{796BB4E0-F4B9-4686-9914-CF65AC8285AF}.Debug|Any CPU.ActiveCfg = Debug|iPhoneSimulator
		{796BB4E0-F4B9-4686-9914-CF65AC8285AF}.Debug|Any CPU.Build.0 = Debug|iPhoneSimulator
		{796BB4E0-F4B9-4686-9914-CF65AC8285AF}.Debug|Any CPU.Deploy.0 = Debug|iPhoneSimulator
		{796BB4E0-F4B9-4686-9914-CF65AC8285AF}.Debug|ARM.ActiveCfg = Debug|iPhone
		{796BB4E0-F4B9-4686-9914-CF65AC8285AF}.Debug|ARM.Build.0 = Debug|iPhone
		{796BB4E0-F4B9-4686-9914-CF65AC8285AF}.Debug|ARM.Deploy.0 = Debug|iPhone
		{796BB4E0-F4B9-4686-9914-CF65AC8285AF}.Debug|iPhone.ActiveCfg = Debug|iPhone
		{796BB4E0-F4B9-4686-9914-CF65AC8285AF}.Debug|iPhone.Build.0 = Debug|iPhone
		{796BB4E0-F4B9-4686-9914-CF65AC8285AF}.Debug|iPhone.Deploy.0 = Debug|iPhone
		{796BB4E0-F4B9-4686-9914-CF65AC8285AF}.Debug|iPhoneSimulator.ActiveCfg = Debug|iPhoneSimulator
		{796BB4E0-F4B9-4686-9914-CF65AC8285AF}.Debug|iPhoneSimulator.Build.0 = Debug|iPhoneSimulator
		{796BB4E0-F4B9-4686-9914-CF65AC8285AF}.Debug|iPhoneSimulator.Deploy.0 = Debug|iPhoneSimulator
		{796BB4E0-F4B9-4686-9914-CF65AC8285AF}.Debug|x64.ActiveCfg = Debug|iPhone
		{796BB4E0-F4B9-4686-9914-CF65AC8285AF}.Debug|x64.Build.0 = Debug|iPhone
		{796BB4E0-F4B9-4686-9914-CF65AC8285AF}.Debug|x64.Deploy.0 = Debug|iPhone
		{796BB4E0-F4B9-4686-9914-CF65AC8285AF}.Debug|x86.ActiveCfg = Debug|iPhone
		{796BB4E0-F4B9-4686-9914-CF65AC8285AF}.Debug|x86.Build.0 = Debug|iPhone
		{796BB4E0-F4B9-4686-9914-CF65AC8285AF}.Debug|x86.Deploy.0 = Debug|iPhone
		{796BB4E0-F4B9-4686-9914-CF65AC8285AF}.Release|Any CPU.ActiveCfg = Release|iPhone
		{796BB4E0-F4B9-4686-9914-CF65AC8285AF}.Release|Any CPU.Build.0 = Release|iPhone
		{796BB4E0-F4B9-4686-9914-CF65AC8285AF}.Release|Any CPU.Deploy.0 = Release|iPhone
		{796BB4E0-F4B9-4686-9914-CF65AC8285AF}.Release|ARM.ActiveCfg = Release|iPhone
		{796BB4E0-F4B9-4686-9914-CF65AC8285AF}.Release|ARM.Build.0 = Release|iPhone
		{796BB4E0-F4B9-4686-9914-CF65AC8285AF}.Release|ARM.Deploy.0 = Release|iPhone
		{796BB4E0-F4B9-4686-9914-CF65AC8285AF}.Release|iPhone.ActiveCfg = Release|iPhone
		{796BB4E0-F4B9-4686-9914-CF65AC8285AF}.Release|iPhone.Build.0 = Release|iPhone
		{796BB4E0-F4B9-4686-9914-CF65AC8285AF}.Release|iPhone.Deploy.0 = Release|iPhone
		{796BB4E0-F4B9-4686-9914-CF65AC8285AF}.Release|iPhoneSimulator.ActiveCfg = Release|iPhoneSimulator
		{796BB4E0-F4B9-4686-9914-CF65AC8285AF}.Release|iPhoneSimulator.Build.0 = Release|iPhoneSimulator
		{796BB4E0-F4B9-4686-9914-CF65AC8285AF}.Release|iPhoneSimulator.Deploy.0 = Release|iPhoneSimulator
		{796BB4E0-F4B9-4686-9914-CF65AC8285AF}.Release|x64.ActiveCfg = Release|iPhone
		{796BB4E0-F4B9-4686-9914-CF65AC8285AF}.Release|x64.Build.0 = Release|iPhone
		{796BB4E0-F4B9-4686-9914-CF65AC8285AF}.Release|x64.Deploy.0 = Release|iPhone
		{796BB4E0-F4B9-4686-9914-CF65AC8285AF}.Release|x86.ActiveCfg = Release|iPhone
		{796BB4E0-F4B9-4686-9914-CF65AC8285AF}.Release|x86.Build.0 = Release|iPhone
		{796BB4E0-F4B9-4686-9914-CF65AC8285AF}.Release|x86.Deploy.0 = Release|iPhone
		{E2D371A2-343B-4632-BAB0-1E57DA38698E}.Ad-Hoc|Any CPU.ActiveCfg = Release|x86
		{E2D371A2-343B-4632-BAB0-1E57DA38698E}.Ad-Hoc|Any CPU.Build.0 = Release|x86
		{E2D371A2-343B-4632-BAB0-1E57DA38698E}.Ad-Hoc|Any CPU.Deploy.0 = Release|x86
		{E2D371A2-343B-4632-BAB0-1E57DA38698E}.Ad-Hoc|ARM.ActiveCfg = Release|ARM
		{E2D371A2-343B-4632-BAB0-1E57DA38698E}.Ad-Hoc|ARM.Build.0 = Release|ARM
		{E2D371A2-343B-4632-BAB0-1E57DA38698E}.Ad-Hoc|ARM.Deploy.0 = Release|ARM
		{E2D371A2-343B-4632-BAB0-1E57DA38698E}.Ad-Hoc|iPhone.ActiveCfg = Release|x86
		{E2D371A2-343B-4632-BAB0-1E57DA38698E}.Ad-Hoc|iPhone.Build.0 = Release|x86
		{E2D371A2-343B-4632-BAB0-1E57DA38698E}.Ad-Hoc|iPhone.Deploy.0 = Release|x86
		{E2D371A2-343B-4632-BAB0-1E57DA38698E}.Ad-Hoc|iPhoneSimulator.ActiveCfg = Release|x86
		{E2D371A2-343B-4632-BAB0-1E57DA38698E}.Ad-Hoc|iPhoneSimulator.Build.0 = Release|x86
		{E2D371A2-343B-4632-BAB0-1E57DA38698E}.Ad-Hoc|iPhoneSimulator.Deploy.0 = Release|x86
		{E2D371A2-343B-4632-BAB0-1E57DA38698E}.Ad-Hoc|x64.ActiveCfg = Release|x64
		{E2D371A2-343B-4632-BAB0-1E57DA38698E}.Ad-Hoc|x64.Build.0 = Release|x64
		{E2D371A2-343B-4632-BAB0-1E57DA38698E}.Ad-Hoc|x64.Deploy.0 = Release|x64
		{E2D371A2-343B-4632-BAB0-1E57DA38698E}.Ad-Hoc|x86.ActiveCfg = Release|x86
		{E2D371A2-343B-4632-BAB0-1E57DA38698E}.Ad-Hoc|x86.Build.0 = Release|x86
		{E2D371A2-343B-4632-BAB0-1E57DA38698E}.Ad-Hoc|x86.Deploy.0 = Release|x86
		{E2D371A2-343B-4632-BAB0-1E57DA38698E}.AppStore|Any CPU.ActiveCfg = Release|x86
		{E2D371A2-343B-4632-BAB0-1E57DA38698E}.AppStore|Any CPU.Build.0 = Release|x86
		{E2D371A2-343B-4632-BAB0-1E57DA38698E}.AppStore|Any CPU.Deploy.0 = Release|x86
		{E2D371A2-343B-4632-BAB0-1E57DA38698E}.AppStore|ARM.ActiveCfg = Release|ARM
		{E2D371A2-343B-4632-BAB0-1E57DA38698E}.AppStore|ARM.Build.0 = Release|ARM
		{E2D371A2-343B-4632-BAB0-1E57DA38698E}.AppStore|ARM.Deploy.0 = Release|ARM
		{E2D371A2-343B-4632-BAB0-1E57DA38698E}.AppStore|iPhone.ActiveCfg = Release|x86
		{E2D371A2-343B-4632-BAB0-1E57DA38698E}.AppStore|iPhone.Build.0 = Release|x86
		{E2D371A2-343B-4632-BAB0-1E57DA38698E}.AppStore|iPhone.Deploy.0 = Release|x86
		{E2D371A2-343B-4632-BAB0-1E57DA38698E}.AppStore|iPhoneSimulator.ActiveCfg = Release|x86
		{E2D371A2-343B-4632-BAB0-1E57DA38698E}.AppStore|iPhoneSimulator.Build.0 = Release|x86
		{E2D371A2-343B-4632-BAB0-1E57DA38698E}.AppStore|iPhoneSimulator.Deploy.0 = Release|x86
		{E2D371A2-343B-4632-BAB0-1E57DA38698E}.AppStore|x64.ActiveCfg = Release|x64
		{E2D371A2-343B-4632-BAB0-1E57DA38698E}.AppStore|x64.Build.0 = Release|x64
		{E2D371A2-343B-4632-BAB0-1E57DA38698E}.AppStore|x64.Deploy.0 = Release|x64
		{E2D371A2-343B-4632-BAB0-1E57DA38698E}.AppStore|x86.ActiveCfg = Release|x86
		{E2D371A2-343B-4632-BAB0-1E57DA38698E}.AppStore|x86.Build.0 = Release|x86
		{E2D371A2-343B-4632-BAB0-1E57DA38698E}.AppStore|x86.Deploy.0 = Release|x86
		{E2D371A2-343B-4632-BAB0-1E57DA38698E}.Debug|Any CPU.ActiveCfg = Debug|x86
		{E2D371A2-343B-4632-BAB0-1E57DA38698E}.Debug|Any CPU.Build.0 = Debug|x86
		{E2D371A2-343B-4632-BAB0-1E57DA38698E}.Debug|Any CPU.Deploy.0 = Debug|x86
		{E2D371A2-343B-4632-BAB0-1E57DA38698E}.Debug|ARM.ActiveCfg = Debug|ARM
		{E2D371A2-343B-4632-BAB0-1E57DA38698E}.Debug|ARM.Build.0 = Debug|ARM
		{E2D371A2-343B-4632-BAB0-1E57DA38698E}.Debug|ARM.Deploy.0 = Debug|ARM
		{E2D371A2-343B-4632-BAB0-1E57DA38698E}.Debug|iPhone.ActiveCfg = Debug|x86
		{E2D371A2-343B-4632-BAB0-1E57DA38698E}.Debug|iPhone.Build.0 = Debug|x86
		{E2D371A2-343B-4632-BAB0-1E57DA38698E}.Debug|iPhone.Deploy.0 = Debug|x86
		{E2D371A2-343B-4632-BAB0-1E57DA38698E}.Debug|iPhoneSimulator.ActiveCfg = Debug|x86
		{E2D371A2-343B-4632-BAB0-1E57DA38698E}.Debug|iPhoneSimulator.Build.0 = Debug|x86
		{E2D371A2-343B-4632-BAB0-1E57DA38698E}.Debug|iPhoneSimulator.Deploy.0 = Debug|x86
		{E2D371A2-343B-4632-BAB0-1E57DA38698E}.Debug|x64.ActiveCfg = Debug|x64
		{E2D371A2-343B-4632-BAB0-1E57DA38698E}.Debug|x64.Build.0 = Debug|x64
		{E2D371A2-343B-4632-BAB0-1E57DA38698E}.Debug|x64.Deploy.0 = Debug|x64
		{E2D371A2-343B-4632-BAB0-1E57DA38698E}.Debug|x86.ActiveCfg = Debug|x86
		{E2D371A2-343B-4632-BAB0-1E57DA38698E}.Debug|x86.Build.0 = Debug|x86
		{E2D371A2-343B-4632-BAB0-1E57DA38698E}.Debug|x86.Deploy.0 = Debug|x86
		{E2D371A2-343B-4632-BAB0-1E57DA38698E}.Release|Any CPU.ActiveCfg = Release|x86
		{E2D371A2-343B-4632-BAB0-1E57DA38698E}.Release|Any CPU.Build.0 = Release|x86
		{E2D371A2-343B-4632-BAB0-1E57DA38698E}.Release|Any CPU.Deploy.0 = Release|x86
		{E2D371A2-343B-4632-BAB0-1E57DA38698E}.Release|ARM.ActiveCfg = Release|ARM
		{E2D371A2-343B-4632-BAB0-1E57DA38698E}.Release|ARM.Build.0 = Release|ARM
		{E2D371A2-343B-4632-BAB0-1E57DA38698E}.Release|ARM.Deploy.0 = Release|ARM
		{E2D371A2-343B-4632-BAB0-1E57DA38698E}.Release|iPhone.ActiveCfg = Release|x86
		{E2D371A2-343B-4632-BAB0-1E57DA38698E}.Release|iPhone.Build.0 = Release|x86
		{E2D371A2-343B-4632-BAB0-1E57DA38698E}.Release|iPhone.Deploy.0 = Release|x86
		{E2D371A2-343B-4632-BAB0-1E57DA38698E}.Release|iPhoneSimulator.ActiveCfg = Release|x86
		{E2D371A2-343B-4632-BAB0-1E57DA38698E}.Release|iPhoneSimulator.Build.0 = Release|x86
		{E2D371A2-343B-4632-BAB0-1E57DA38698E}.Release|iPhoneSimulator.Deploy.0 = Release|x86
		{E2D371A2-343B-4632-BAB0-1E57DA38698E}.Release|x64.ActiveCfg = Release|x64
		{E2D371A2-343B-4632-BAB0-1E57DA38698E}.Release|x64.Build.0 = Release|x64
		{E2D371A2-343B-4632-BAB0-1E57DA38698E}.Release|x64.Deploy.0 = Release|x64
		{E2D371A2-343B-4632-BAB0-1E57DA38698E}.Release|x86.ActiveCfg = Release|x86
		{E2D371A2-343B-4632-BAB0-1E57DA38698E}.Release|x86.Build.0 = Release|x86
		{E2D371A2-343B-4632-BAB0-1E57DA38698E}.Release|x86.Deploy.0 = Release|x86
		{DCCC757A-FF1B-4EF4-9EE1-FD42FA92914E}.Ad-Hoc|Any CPU.ActiveCfg = Debug|Any CPU
		{DCCC757A-FF1B-4EF4-9EE1-FD42FA92914E}.Ad-Hoc|Any CPU.Build.0 = Debug|Any CPU
		{DCCC757A-FF1B-4EF4-9EE1-FD42FA92914E}.Ad-Hoc|Any CPU.Deploy.0 = Debug|Any CPU
		{DCCC757A-FF1B-4EF4-9EE1-FD42FA92914E}.Ad-Hoc|ARM.ActiveCfg = Debug|Any CPU
		{DCCC757A-FF1B-4EF4-9EE1-FD42FA92914E}.Ad-Hoc|ARM.Build.0 = Debug|Any CPU
		{DCCC757A-FF1B-4EF4-9EE1-FD42FA92914E}.Ad-Hoc|ARM.Deploy.0 = Debug|Any CPU
		{DCCC757A-FF1B-4EF4-9EE1-FD42FA92914E}.Ad-Hoc|iPhone.ActiveCfg = Debug|Any CPU
		{DCCC757A-FF1B-4EF4-9EE1-FD42FA92914E}.Ad-Hoc|iPhone.Build.0 = Debug|Any CPU
		{DCCC757A-FF1B-4EF4-9EE1-FD42FA92914E}.Ad-Hoc|iPhone.Deploy.0 = Debug|Any CPU
		{DCCC757A-FF1B-4EF4-9EE1-FD42FA92914E}.Ad-Hoc|iPhoneSimulator.ActiveCfg = Debug|Any CPU
		{DCCC757A-FF1B-4EF4-9EE1-FD42FA92914E}.Ad-Hoc|iPhoneSimulator.Build.0 = Debug|Any CPU
		{DCCC757A-FF1B-4EF4-9EE1-FD42FA92914E}.Ad-Hoc|iPhoneSimulator.Deploy.0 = Debug|Any CPU
		{DCCC757A-FF1B-4EF4-9EE1-FD42FA92914E}.Ad-Hoc|x64.ActiveCfg = Debug|Any CPU
		{DCCC757A-FF1B-4EF4-9EE1-FD42FA92914E}.Ad-Hoc|x64.Build.0 = Debug|Any CPU
		{DCCC757A-FF1B-4EF4-9EE1-FD42FA92914E}.Ad-Hoc|x64.Deploy.0 = Debug|Any CPU
		{DCCC757A-FF1B-4EF4-9EE1-FD42FA92914E}.Ad-Hoc|x86.ActiveCfg = Debug|Any CPU
		{DCCC757A-FF1B-4EF4-9EE1-FD42FA92914E}.Ad-Hoc|x86.Build.0 = Debug|Any CPU
		{DCCC757A-FF1B-4EF4-9EE1-FD42FA92914E}.Ad-Hoc|x86.Deploy.0 = Debug|Any CPU
		{DCCC757A-FF1B-4EF4-9EE1-FD42FA92914E}.AppStore|Any CPU.ActiveCfg = Debug|Any CPU
		{DCCC757A-FF1B-4EF4-9EE1-FD42FA92914E}.AppStore|Any CPU.Build.0 = Debug|Any CPU
		{DCCC757A-FF1B-4EF4-9EE1-FD42FA92914E}.AppStore|Any CPU.Deploy.0 = Debug|Any CPU
		{DCCC757A-FF1B-4EF4-9EE1-FD42FA92914E}.AppStore|ARM.ActiveCfg = Debug|Any CPU
		{DCCC757A-FF1B-4EF4-9EE1-FD42FA92914E}.AppStore|ARM.Build.0 = Debug|Any CPU
		{DCCC757A-FF1B-4EF4-9EE1-FD42FA92914E}.AppStore|ARM.Deploy.0 = Debug|Any CPU
		{DCCC757A-FF1B-4EF4-9EE1-FD42FA92914E}.AppStore|iPhone.ActiveCfg = Debug|Any CPU
		{DCCC757A-FF1B-4EF4-9EE1-FD42FA92914E}.AppStore|iPhone.Build.0 = Debug|Any CPU
		{DCCC757A-FF1B-4EF4-9EE1-FD42FA92914E}.AppStore|iPhone.Deploy.0 = Debug|Any CPU
		{DCCC757A-FF1B-4EF4-9EE1-FD42FA92914E}.AppStore|iPhoneSimulator.ActiveCfg = Debug|Any CPU
		{DCCC757A-FF1B-4EF4-9EE1-FD42FA92914E}.AppStore|iPhoneSimulator.Build.0 = Debug|Any CPU
		{DCCC757A-FF1B-4EF4-9EE1-FD42FA92914E}.AppStore|iPhoneSimulator.Deploy.0 = Debug|Any CPU
		{DCCC757A-FF1B-4EF4-9EE1-FD42FA92914E}.AppStore|x64.ActiveCfg = Debug|Any CPU
		{DCCC757A-FF1B-4EF4-9EE1-FD42FA92914E}.AppStore|x64.Build.0 = Debug|Any CPU
		{DCCC757A-FF1B-4EF4-9EE1-FD42FA92914E}.AppStore|x64.Deploy.0 = Debug|Any CPU
		{DCCC757A-FF1B-4EF4-9EE1-FD42FA92914E}.AppStore|x86.ActiveCfg = Debug|Any CPU
		{DCCC757A-FF1B-4EF4-9EE1-FD42FA92914E}.AppStore|x86.Build.0 = Debug|Any CPU
		{DCCC757A-FF1B-4EF4-9EE1-FD42FA92914E}.AppStore|x86.Deploy.0 = Debug|Any CPU
		{DCCC757A-FF1B-4EF4-9EE1-FD42FA92914E}.Debug|Any CPU.ActiveCfg = Debug|Any CPU
		{DCCC757A-FF1B-4EF4-9EE1-FD42FA92914E}.Debug|Any CPU.Build.0 = Debug|Any CPU
		{DCCC757A-FF1B-4EF4-9EE1-FD42FA92914E}.Debug|Any CPU.Deploy.0 = Debug|Any CPU
		{DCCC757A-FF1B-4EF4-9EE1-FD42FA92914E}.Debug|ARM.ActiveCfg = Debug|Any CPU
		{DCCC757A-FF1B-4EF4-9EE1-FD42FA92914E}.Debug|ARM.Build.0 = Debug|Any CPU
		{DCCC757A-FF1B-4EF4-9EE1-FD42FA92914E}.Debug|ARM.Deploy.0 = Debug|Any CPU
		{DCCC757A-FF1B-4EF4-9EE1-FD42FA92914E}.Debug|iPhone.ActiveCfg = Debug|Any CPU
		{DCCC757A-FF1B-4EF4-9EE1-FD42FA92914E}.Debug|iPhone.Build.0 = Debug|Any CPU
		{DCCC757A-FF1B-4EF4-9EE1-FD42FA92914E}.Debug|iPhone.Deploy.0 = Debug|Any CPU
		{DCCC757A-FF1B-4EF4-9EE1-FD42FA92914E}.Debug|iPhoneSimulator.ActiveCfg = Debug|Any CPU
		{DCCC757A-FF1B-4EF4-9EE1-FD42FA92914E}.Debug|iPhoneSimulator.Build.0 = Debug|Any CPU
		{DCCC757A-FF1B-4EF4-9EE1-FD42FA92914E}.Debug|iPhoneSimulator.Deploy.0 = Debug|Any CPU
		{DCCC757A-FF1B-4EF4-9EE1-FD42FA92914E}.Debug|x64.ActiveCfg = Debug|Any CPU
		{DCCC757A-FF1B-4EF4-9EE1-FD42FA92914E}.Debug|x64.Build.0 = Debug|Any CPU
		{DCCC757A-FF1B-4EF4-9EE1-FD42FA92914E}.Debug|x64.Deploy.0 = Debug|Any CPU
		{DCCC757A-FF1B-4EF4-9EE1-FD42FA92914E}.Debug|x86.ActiveCfg = Debug|Any CPU
		{DCCC757A-FF1B-4EF4-9EE1-FD42FA92914E}.Debug|x86.Build.0 = Debug|Any CPU
		{DCCC757A-FF1B-4EF4-9EE1-FD42FA92914E}.Debug|x86.Deploy.0 = Debug|Any CPU
		{DCCC757A-FF1B-4EF4-9EE1-FD42FA92914E}.Release|Any CPU.ActiveCfg = Release|Any CPU
		{DCCC757A-FF1B-4EF4-9EE1-FD42FA92914E}.Release|Any CPU.Build.0 = Release|Any CPU
		{DCCC757A-FF1B-4EF4-9EE1-FD42FA92914E}.Release|Any CPU.Deploy.0 = Release|Any CPU
		{DCCC757A-FF1B-4EF4-9EE1-FD42FA92914E}.Release|ARM.ActiveCfg = Release|Any CPU
		{DCCC757A-FF1B-4EF4-9EE1-FD42FA92914E}.Release|ARM.Build.0 = Release|Any CPU
		{DCCC757A-FF1B-4EF4-9EE1-FD42FA92914E}.Release|ARM.Deploy.0 = Release|Any CPU
		{DCCC757A-FF1B-4EF4-9EE1-FD42FA92914E}.Release|iPhone.ActiveCfg = Release|Any CPU
		{DCCC757A-FF1B-4EF4-9EE1-FD42FA92914E}.Release|iPhone.Build.0 = Release|Any CPU
		{DCCC757A-FF1B-4EF4-9EE1-FD42FA92914E}.Release|iPhone.Deploy.0 = Release|Any CPU
		{DCCC757A-FF1B-4EF4-9EE1-FD42FA92914E}.Release|iPhoneSimulator.ActiveCfg = Release|Any CPU
		{DCCC757A-FF1B-4EF4-9EE1-FD42FA92914E}.Release|iPhoneSimulator.Build.0 = Release|Any CPU
		{DCCC757A-FF1B-4EF4-9EE1-FD42FA92914E}.Release|iPhoneSimulator.Deploy.0 = Release|Any CPU
		{DCCC757A-FF1B-4EF4-9EE1-FD42FA92914E}.Release|x64.ActiveCfg = Release|Any CPU
		{DCCC757A-FF1B-4EF4-9EE1-FD42FA92914E}.Release|x64.Build.0 = Release|Any CPU
		{DCCC757A-FF1B-4EF4-9EE1-FD42FA92914E}.Release|x64.Deploy.0 = Release|Any CPU
		{DCCC757A-FF1B-4EF4-9EE1-FD42FA92914E}.Release|x86.ActiveCfg = Release|Any CPU
		{DCCC757A-FF1B-4EF4-9EE1-FD42FA92914E}.Release|x86.Build.0 = Release|Any CPU
		{DCCC757A-FF1B-4EF4-9EE1-FD42FA92914E}.Release|x86.Deploy.0 = Release|Any CPU
	EndGlobalSection
	GlobalSection(SolutionProperties) = preSolution
		HideSolutionNode = FALSE
	EndGlobalSection
	GlobalSection(ExtensibilityGlobals) = postSolution
		SolutionGuid = {5EFB7C06-9562-4B13-9E5F-C59452756DC5}
	EndGlobalSection
EndGlobal
